
Microsoft Visual Studio Solution File, Format Version 12.00
# Visual Studio Version 16
VisualStudioVersion = 16.0.29424.173
MinimumVisualStudioVersion = 10.0.40219.1
Project("{FAE04EC0-301F-11D3-BF4B-00C04F79EFBC}") = "ConcreteColumn", "ConcreteColumn\ConcreteColumn.csproj", "{8F297A9E-F15D-4D4E-B578-76A6A072B338}"
EndProject
Global
	GlobalSection(SolutionConfigurationPlatforms) = preSolution
		Debug|Any CPU = Debug|Any CPU
		Release|Any CPU = Release|Any CPU
	EndGlobalSection
	GlobalSection(ProjectConfigurationPlatforms) = postSolution
		{8F297A9E-F15D-4D4E-B578-76A6A072B338}.Debug|Any CPU.ActiveCfg = Debug|Any CPU
		{8F297A9E-F15D-4D4E-B578-76A6A072B338}.Debug|Any CPU.Build.0 = Debug|Any CPU
		{8F297A9E-F15D-4D4E-B578-76A6A072B338}.Release|Any CPU.ActiveCfg = Release|Any CPU
		{8F297A9E-F15D-4D4E-B578-76A6A072B338}.Release|Any CPU.Build.0 = Release|Any CPU
	EndGlobalSection
	GlobalSection(SolutionProperties) = preSolution
		HideSolutionNode = FALSE
	EndGlobalSection
	GlobalSection(ExtensibilityGlobals) = postSolution
		SolutionGuid = {1F7DEF50-20B7-4F4D-8D37-8902B84F732D}
	EndGlobalSection
EndGlobal
